
Microsoft Visual Studio Solution File, Format Version 12.00
# Visual Studio Version 16
VisualStudioVersion = 16.0.29905.134
MinimumVisualStudioVersion = 10.0.40219.1
Project("{FAE04EC0-301F-11D3-BF4B-00C04F79EFBC}") = "XUnitTestProject1", "XUnitTestProject1\XUnitTestProject1.csproj", "{8D7C1843-65A6-4F78-BAD6-8D2591BB8AF3}"
EndProject
Project("{9A19103F-16F7-4668-BE54-9A1E7A4F7556}") = "Palindrome", "Class1\Palindrome.csproj", "{A2ACF8CF-CBEC-4DD8-B7E9-E61F5DC44039}"
EndProject
Global
	GlobalSection(SolutionConfigurationPlatforms) = preSolution
		Debug|Any CPU = Debug|Any CPU
		Release|Any CPU = Release|Any CPU
	EndGlobalSection
	GlobalSection(ProjectConfigurationPlatforms) = postSolution
		{8D7C1843-65A6-4F78-BAD6-8D2591BB8AF3}.Debug|Any CPU.ActiveCfg = Debug|Any CPU
		{8D7C1843-65A6-4F78-BAD6-8D2591BB8AF3}.Debug|Any CPU.Build.0 = Debug|Any CPU
		{8D7C1843-65A6-4F78-BAD6-8D2591BB8AF3}.Release|Any CPU.ActiveCfg = Release|Any CPU
		{8D7C1843-65A6-4F78-BAD6-8D2591BB8AF3}.Release|Any CPU.Build.0 = Release|Any CPU
		{A2ACF8CF-CBEC-4DD8-B7E9-E61F5DC44039}.Debug|Any CPU.ActiveCfg = Debug|Any CPU
		{A2ACF8CF-CBEC-4DD8-B7E9-E61F5DC44039}.Debug|Any CPU.Build.0 = Debug|Any CPU
		{A2ACF8CF-CBEC-4DD8-B7E9-E61F5DC44039}.Release|Any CPU.ActiveCfg = Release|Any CPU
		{A2ACF8CF-CBEC-4DD8-B7E9-E61F5DC44039}.Release|Any CPU.Build.0 = Release|Any CPU
	EndGlobalSection
	GlobalSection(SolutionProperties) = preSolution
		HideSolutionNode = FALSE
	EndGlobalSection
	GlobalSection(ExtensibilityGlobals) = postSolution
		SolutionGuid = {7F8098C2-D6D5-45D5-AB5B-4654702D68F7}
	EndGlobalSection
EndGlobal
